<?xml version="1.0" encoding="utf-8"?>
<Project ToolsVersion="4.0" xmlns="http://schemas.microsoft.com/developer/msbuild/2003">
  <ItemGroup>
    <Filter Include="源文件">
      <UniqueIdentifier>{4FC737F1-C7A5-4376-A066-2A32D752A2FF}</UniqueIdentifier>
      <Extensions>cpp;c;cc;cxx;c++;cppm;ixx;def;odl;idl;hpj;bat;asm;asmx</Extensions>
    </Filter>
    <Filter Include="头文件">
      <UniqueIdentifier>{93995380-89BD-4b04-88EB-625FBE52EBFB}</UniqueIdentifier>
      <Extensions>h;hh;hpp;hxx;h++;hm;inl;inc;ipp;xsd</Extensions>
    </Filter>
    <Filter Include="资源文件">
      <UniqueIdentifier>{67DA6AB6-F800-4c08-8B7A-83BB121AAD01}</UniqueIdentifier>
      <Extensions>rc;ico;cur;bmp;dlg;rc2;rct;bin;rgs;gif;jpg;jpeg;jpe;resx;tiff;tif;png;wav;mfcribbon-ms</Extensions>
    </Filter>
    <Filter Include="头文件\rebuild">
      <UniqueIdentifier>{a1ca3d60-ccea-43bc-856e-6adf6317649c}</UniqueIdentifier>
    </Filter>
    <Filter Include="源文件\rebuild">
      <UniqueIdentifier>{c5ab7925-2252-4f87-8521-9ed9ab753c8b}</UniqueIdentifier>
    </Filter>
  </ItemGroup>
  <ItemGroup>
    <ClInclude Include="global.h">
      <Filter>头文件</Filter>
    </ClInclude>
    <ClInclude Include="raise.h">
      <Filter>头文件</Filter>
    </ClInclude>
    <ClInclude Include="bomb.h">
      <Filter>头文件</Filter>
    </ClInclude>
    <ClInclude Include="firework.h">
      <Filter>头文件</Filter>
    </ClInclude>
    <ClInclude Include="frame.h">
      <Filter>头文件</Filter>
    </ClInclude>
    <ClInclude Include="tools.h">
      <Filter>头文件</Filter>
    </ClInclude>
    <ClInclude Include="sound.h">
      <Filter>头文件</Filter>
    </ClInclude>
    <ClInclude Include="resource.h">
      <Filter>头文件</Filter>
    </ClInclude>
    <ClInclude Include="animation.hpp">
      <Filter>头文件\rebuild</Filter>
    </ClInclude>
    <ClInclude Include="raise.hpp">
      <Filter>头文件\rebuild</Filter>
    </ClInclude>
    <ClInclude Include="global.hpp">
      <Filter>头文件\rebuild</Filter>
    </ClInclude>
    <ClInclude Include="utils.hpp">
      <Filter>头文件\rebuild</Filter>
    </ClInclude>
    <ClInclude Include="firework.hpp">
      <Filter>头文件\rebuild</Filter>
    </ClInclude>
    <ClInclude Include="bomb.hpp">
      <Filter>头文件\rebuild</Filter>
    </ClInclude>
    <ClInclude Include="frame.hpp">
      <Filter>头文件\rebuild</Filter>
    </ClInclude>
    <ClInclude Include="sound.hpp">
      <Filter>头文件\rebuild</Filter>
    </ClInclude>
  </ItemGroup>
  <ItemGroup>
    <ClCompile Include="main.cpp">
      <Filter>源文件</Filter>
    </ClCompile>
    <ClCompile Include="raise.cpp">
      <Filter>源文件</Filter>
    </ClCompile>
    <ClCompile Include="global.cpp">
      <Filter>源文件</Filter>
    </ClCompile>
    <ClCompile Include="bomb.cpp">
      <Filter>源文件</Filter>
    </ClCompile>
    <ClCompile Include="firework.cpp">
      <Filter>源文件</Filter>
    </ClCompile>
    <ClCompile Include="frame.cpp">
      <Filter>源文件</Filter>
    </ClCompile>
    <ClCompile Include="tools.cpp">
      <Filter>源文件</Filter>
    </ClCompile>
    <ClCompile Include="sound.cpp">
      <Filter>源文件</Filter>
    </ClCompile>
    <ClCompile Include="raise_rebuild.cpp">
      <Filter>源文件\rebuild</Filter>
    </ClCompile>
    <ClCompile Include="utils.cpp">
      <Filter>源文件\rebuild</Filter>
    </ClCompile>
    <ClCompile Include="firework_rebuild.cpp">
      <Filter>源文件\rebuild</Filter>
    </ClCompile>
    <ClCompile Include="bomb_rebuild.cpp">
      <Filter>源文件\rebuild</Filter>
    </ClCompile>
    <ClCompile Include="global_rebuild.cpp">
      <Filter>源文件\rebuild</Filter>
    </ClCompile>
    <ClCompile Include="frame_rebuild.cpp">
      <Filter>源文件\rebuild</Filter>
    </ClCompile>
    <ClCompile Include="sound_rebuild.cpp">
      <Filter>源文件\rebuild</Filter>
    </ClCompile>
  </ItemGroup>
  <ItemGroup>
    <ResourceCompile Include="firework.rc">
      <Filter>资源文件</Filter>
    </ResourceCompile>
  </ItemGroup>
  <ItemGroup>
    <Media Include="bomb.wav">
      <Filter>资源文件</Filter>
    </Media>
    <Media Include="raise.wav">
      <Filter>资源文件</Filter>
    </Media>
  </ItemGroup>
</Project>